
Microsoft Visual Studio Solution File, Format Version 12.00
# Visual Studio Version 16
VisualStudioVersion = 16.0.31613.86
MinimumVisualStudioVersion = 10.0.40219.1
Project("{FAE04EC0-301F-11D3-BF4B-00C04F79EFBC}") = "Lab_3_Decision_Making", "Lab_3_Decision_Making\Lab_3_Decision_Making.csproj", "{518A3000-973E-4C67-86BC-FEE57BD5257D}"
EndProject
Global
	GlobalSection(SolutionConfigurationPlatforms) = preSolution
		Debug|Any CPU = Debug|Any CPU
		Release|Any CPU = Release|Any CPU
	EndGlobalSection
	GlobalSection(ProjectConfigurationPlatforms) = postSolution
		{518A3000-973E-4C67-86BC-FEE57BD5257D}.Debug|Any CPU.ActiveCfg = Debug|Any CPU
		{518A3000-973E-4C67-86BC-FEE57BD5257D}.Debug|Any CPU.Build.0 = Debug|Any CPU
		{518A3000-973E-4C67-86BC-FEE57BD5257D}.Release|Any CPU.ActiveCfg = Release|Any CPU
		{518A3000-973E-4C67-86BC-FEE57BD5257D}.Release|Any CPU.Build.0 = Release|Any CPU
	EndGlobalSection
	GlobalSection(SolutionProperties) = preSolution
		HideSolutionNode = FALSE
	EndGlobalSection
	GlobalSection(ExtensibilityGlobals) = postSolution
		SolutionGuid = {1BCCF4A5-9A68-4456-90EC-ABE7AB06B449}
	EndGlobalSection
EndGlobal
